
Microsoft Visual Studio Solution File, Format Version 9.00
# Visual Studio 2005
Project("{FAE04EC0-301F-11D3-BF4B-00C04F79EFBC}") = "WindowsApplication1", "WindowsApplication1\WindowsApplication1.csproj", "{157AC3F8-A478-48F5-94F2-BCF609513B4A}"
EndProject
Global
	GlobalSection(SolutionConfigurationPlatforms) = preSolution
		Debug|Any CPU = Debug|Any CPU
		Release|Any CPU = Release|Any CPU
	EndGlobalSection
	GlobalSection(ProjectConfigurationPlatforms) = postSolution
		{157AC3F8-A478-48F5-94F2-BCF609513B4A}.Debug|Any CPU.ActiveCfg = Debug|Any CPU
		{157AC3F8-A478-48F5-94F2-BCF609513B4A}.Debug|Any CPU.Build.0 = Debug|Any CPU
		{157AC3F8-A478-48F5-94F2-BCF609513B4A}.Release|Any CPU.ActiveCfg = Release|Any CPU
		{157AC3F8-A478-48F5-94F2-BCF609513B4A}.Release|Any CPU.Build.0 = Release|Any CPU
	EndGlobalSection
	GlobalSection(SolutionProperties) = preSolution
		HideSolutionNode = FALSE
	EndGlobalSection
EndGlobal
